{
  "name": "Ionic",
  "lockfileVersion": 2,
  "requires": true,
  "packages": {
    "": {
      "dependencies": {
        "onesignal-cordova-plugin": "^3.0.1"
      }
    },
    "node_modules/onesignal-cordova-plugin": {
      "version": "3.0.1",
      "resolved": "https://registry.npmjs.org/onesignal-cordova-plugin/-/onesignal-cordova-plugin-3.0.1.tgz",
      "integrity": "sha512-KpfofwCiDS4c8y0WKhK4oUJ5lHeGdelRPM155rsZeRS3DbKUQCwjoy1ueTx0etypE0m5O36rB24qi8hAoLunbw==",
      "engines": [
        {
          "name": "cordova-android",
          "version": ">=4.0.0"
        },
        {
          "name": "apple-xcode",
          "version": ">=8.0.0"
        },
        {
          "name": "apple-ios",
          "version": ">=7.0.0"
        },
        {
          "name": "cordova",
          "version": ">=6.4.0"
        },
        {
          "name": "cordova-ios",
          "version": ">=4.3.0"
        }
      ]
    }
  },
  "dependencies": {
    "onesignal-cordova-plugin": {
      "version": "3.0.1",
      "resolved": "https://registry.npmjs.org/onesignal-cordova-plugin/-/onesignal-cordova-plugin-3.0.1.tgz",
      "integrity": "sha512-KpfofwCiDS4c8y0WKhK4oUJ5lHeGdelRPM155rsZeRS3DbKUQCwjoy1ueTx0etypE0m5O36rB24qi8hAoLunbw=="
    }
  }
}
